{
  "name": "@rbxts/specium",
  "version": "1.0.0",
  "lockfileVersion": 3,
  "requires": true,
  "packages": {
    "": {
      "name": "@rbxts/specium",
      "version": "1.0.0",
      "license": "ISC",
      "peerDependencies": {
        "@rbxts/types": "*"
      }
    },
    "node_modules/@rbxts/types": {
      "version": "1.0.912",
      "resolved": "https://registry.npmjs.org/@rbxts/types/-/types-1.0.912.tgz",
      "integrity": "sha512-vTWomadp+8RauGxHSzqIcP96AGPT7uesPXpFCn5L21tRqzwWRfuH6YuekymNRfQH3DWxC0vPIrEZlZiYfKz8Bg==",
      "license": "MIT",
      "peer": true
    }
  }
}
